
Microsoft Visual Studio Solution File, Format Version 12.00
# Visual Studio 15
VisualStudioVersion = 15.0.28010.2026
MinimumVisualStudioVersion = 10.0.40219.1
Project("{FAE04EC0-301F-11D3-BF4B-00C04F79EFBC}") = "gremlinrunner", "gremlinrunner\gremlinrunner.csproj", "{6DFA4023-6DAC-4607-AA6E-BAFFA2877A63}"
EndProject
Global
	GlobalSection(SolutionConfigurationPlatforms) = preSolution
		Debug|Any CPU = Debug|Any CPU
		Release|Any CPU = Release|Any CPU
	EndGlobalSection
	GlobalSection(ProjectConfigurationPlatforms) = postSolution
		{6DFA4023-6DAC-4607-AA6E-BAFFA2877A63}.Debug|Any CPU.ActiveCfg = Debug|Any CPU
		{6DFA4023-6DAC-4607-AA6E-BAFFA2877A63}.Debug|Any CPU.Build.0 = Debug|Any CPU
		{6DFA4023-6DAC-4607-AA6E-BAFFA2877A63}.Release|Any CPU.ActiveCfg = Release|Any CPU
		{6DFA4023-6DAC-4607-AA6E-BAFFA2877A63}.Release|Any CPU.Build.0 = Release|Any CPU
	EndGlobalSection
	GlobalSection(SolutionProperties) = preSolution
		HideSolutionNode = FALSE
	EndGlobalSection
	GlobalSection(ExtensibilityGlobals) = postSolution
		SolutionGuid = {99D9AB37-91C4-4FC0-B60F-D0325561B177}
	EndGlobalSection
EndGlobal
